
Microsoft Visual Studio Solution File, Format Version 12.00
# Visual Studio 16
Project("{8BC9CEB8-8B4A-11D0-8D11-00A0C91BC942}") = "2gis_test_work", "build\2gis_test_work.vcxproj", "{7BC7E6B2-6795-DAB8-5029-4BDF3C96B61D}"
EndProject
Global
	GlobalSection(SolutionConfigurationPlatforms) = preSolution
		Debug32|Win32 = Debug32|Win32
		Release32|Win32 = Release32|Win32
	EndGlobalSection
	GlobalSection(ProjectConfigurationPlatforms) = postSolution
		{7BC7E6B2-6795-DAB8-5029-4BDF3C96B61D}.Debug32|Win32.ActiveCfg = Debug32|Win32
		{7BC7E6B2-6795-DAB8-5029-4BDF3C96B61D}.Debug32|Win32.Build.0 = Debug32|Win32
		{7BC7E6B2-6795-DAB8-5029-4BDF3C96B61D}.Release32|Win32.ActiveCfg = Release32|Win32
		{7BC7E6B2-6795-DAB8-5029-4BDF3C96B61D}.Release32|Win32.Build.0 = Release32|Win32
	EndGlobalSection
	GlobalSection(SolutionProperties) = preSolution
		HideSolutionNode = FALSE
	EndGlobalSection
EndGlobal
